// !$*UTF8*$!
{
	archiveVersion = 1;
	classes = {
	};
	objectVersion = 46;
	objects = {

/* Begin PBXBuildFile section */
		5B04F10E1407A4BE00910583 /* Settings.bundle in Resources */ = {isa = PBXBuildFile; fileRef = 5B04F10D1407A4BE00910583 /* Settings.bundle */; };
		5B24F00F13F2F4F6006F4CBB /* app_icon_57.png in Resources */ = {isa = PBXBuildFile; fileRef = 5B24F00E13F2F4F6006F4CBB /* app_icon_57.png */; };
		5B24F01213F2F523006F4CBB /* app_icon_72.png in Resources */ = {isa = PBXBuildFile; fileRef = 5B24F01113F2F523006F4CBB /* app_icon_72.png */; };
		5B24F01413F2F52B006F4CBB /* app_icon_114.png in Resources */ = {isa = PBXBuildFile; fileRef = 5B24F01313F2F52B006F4CBB /* app_icon_114.png */; };
		5B3716A513F2DC3000739EC4 /* WelcomePortrait.png in Resources */ = {isa = PBXBuildFile; fileRef = 5B3716A413F2DC3000739EC4 /* WelcomePortrait.png */; };
		5B39499A1407AF6A000C4BB3 /* Synchroniser.m in Sources */ = {isa = PBXBuildFile; fileRef = 5B3949991407AF6A000C4BB3 /* Synchroniser.m */; };
		5B394A271407B668000C4BB3 /* ASIAuthenticationDialog.m in Sources */ = {isa = PBXBuildFile; fileRef = 5B3949FA1407B668000C4BB3 /* ASIAuthenticationDialog.m */; };
		5B394A281407B668000C4BB3 /* ASIDataCompressor.m in Sources */ = {isa = PBXBuildFile; fileRef = 5B3949FD1407B668000C4BB3 /* ASIDataCompressor.m */; };
		5B394A291407B668000C4BB3 /* ASIDataDecompressor.m in Sources */ = {isa = PBXBuildFile; fileRef = 5B3949FF1407B668000C4BB3 /* ASIDataDecompressor.m */; };
		5B394A2A1407B668000C4BB3 /* ASIDownloadCache.m in Sources */ = {isa = PBXBuildFile; fileRef = 5B394A011407B668000C4BB3 /* ASIDownloadCache.m */; };
		5B394A2B1407B668000C4BB3 /* ASIFormDataRequest.m in Sources */ = {isa = PBXBuildFile; fileRef = 5B394A031407B668000C4BB3 /* ASIFormDataRequest.m */; };
		5B394A2C1407B668000C4BB3 /* ASIHTTPRequest.m in Sources */ = {isa = PBXBuildFile; fileRef = 5B394A051407B668000C4BB3 /* ASIHTTPRequest.m */; };
		5B394A2D1407B668000C4BB3 /* ASIInputStream.m in Sources */ = {isa = PBXBuildFile; fileRef = 5B394A091407B668000C4BB3 /* ASIInputStream.m */; };
		5B394A2E1407B668000C4BB3 /* ASINetworkQueue.m in Sources */ = {isa = PBXBuildFile; fileRef = 5B394A0B1407B668000C4BB3 /* ASINetworkQueue.m */; };
		5B394A2F1407B668000C4BB3 /* Reachability.m in Sources */ = {isa = PBXBuildFile; fileRef = 5B394A0E1407B668000C4BB3 /* Reachability.m */; };
		5B394A301407B668000C4BB3 /* NSObject+SBJson.m in Sources */ = {isa = PBXBuildFile; fileRef = 5B394A111407B668000C4BB3 /* NSObject+SBJson.m */; };
		5B394A311407B668000C4BB3 /* SBJsonParser.m in Sources */ = {isa = PBXBuildFile; fileRef = 5B394A141407B668000C4BB3 /* SBJsonParser.m */; };
		5B394A321407B668000C4BB3 /* SBJsonStreamParser.m in Sources */ = {isa = PBXBuildFile; fileRef = 5B394A161407B668000C4BB3 /* SBJsonStreamParser.m */; };
		5B394A331407B668000C4BB3 /* SBJsonStreamParserAccumulator.m in Sources */ = {isa = PBXBuildFile; fileRef = 5B394A181407B668000C4BB3 /* SBJsonStreamParserAccumulator.m */; };
		5B394A341407B668000C4BB3 /* SBJsonStreamParserState.m in Sources */ = {isa = PBXBuildFile; fileRef = 5B394A1A1407B668000C4BB3 /* SBJsonStreamParserState.m */; };
		5B394A351407B668000C4BB3 /* SBJsonStreamWriter.m in Sources */ = {isa = PBXBuildFile; fileRef = 5B394A1C1407B668000C4BB3 /* SBJsonStreamWriter.m */; };
		5B394A361407B668000C4BB3 /* SBJsonStreamWriterAccumulator.m in Sources */ = {isa = PBXBuildFile; fileRef = 5B394A1E1407B668000C4BB3 /* SBJsonStreamWriterAccumulator.m */; };
		5B394A371407B668000C4BB3 /* SBJsonStreamWriterState.m in Sources */ = {isa = PBXBuildFile; fileRef = 5B394A201407B668000C4BB3 /* SBJsonStreamWriterState.m */; };
		5B394A381407B668000C4BB3 /* SBJsonTokeniser.m in Sources */ = {isa = PBXBuildFile; fileRef = 5B394A221407B668000C4BB3 /* SBJsonTokeniser.m */; };
		5B394A391407B668000C4BB3 /* SBJsonUTF8Stream.m in Sources */ = {isa = PBXBuildFile; fileRef = 5B394A241407B668000C4BB3 /* SBJsonUTF8Stream.m */; };
		5B394A3A1407B668000C4BB3 /* SBJsonWriter.m in Sources */ = {isa = PBXBuildFile; fileRef = 5B394A261407B668000C4BB3 /* SBJsonWriter.m */; };
		5B589E0613F134D900DFD44D /* SplashScreen_iPhone.xib in Resources */ = {isa = PBXBuildFile; fileRef = 5B589E0513F134D900DFD44D /* SplashScreen_iPhone.xib */; };
		5B589E0C13F157B100DFD44D /* Entitlements.entitlements in Resources */ = {isa = PBXBuildFile; fileRef = 5B589E0B13F157B100DFD44D /* Entitlements.entitlements */; };
		5B5CFF2A13D720100080184E /* UIKit.framework in Frameworks */ = {isa = PBXBuildFile; fileRef = 5B5CFF2913D720100080184E /* UIKit.framework */; };
		5B5CFF2C13D720100080184E /* Foundation.framework in Frameworks */ = {isa = PBXBuildFile; fileRef = 5B5CFF2B13D720100080184E /* Foundation.framework */; };
		5B5CFF2E13D720100080184E /* CoreGraphics.framework in Frameworks */ = {isa = PBXBuildFile; fileRef = 5B5CFF2D13D720100080184E /* CoreGraphics.framework */; };
		5B5CFF3013D720100080184E /* CoreData.framework in Frameworks */ = {isa = PBXBuildFile; fileRef = 5B5CFF2F13D720100080184E /* CoreData.framework */; };
		5B5CFF3613D720100080184E /* InfoPlist.strings in Resources */ = {isa = PBXBuildFile; fileRef = 5B5CFF3413D720100080184E /* InfoPlist.strings */; };
		5B5CFF3813D720100080184E /* main.m in Sources */ = {isa = PBXBuildFile; fileRef = 5B5CFF3713D720100080184E /* main.m */; };
		5B5CFF3C13D720100080184E /* PicnicAppDelegate.m in Sources */ = {isa = PBXBuildFile; fileRef = 5B5CFF3B13D720100080184E /* PicnicAppDelegate.m */; };
		5B5CFF3F13D720100080184E /* Picnic.xcdatamodeld in Sources */ = {isa = PBXBuildFile; fileRef = 5B5CFF3D13D720100080184E /* Picnic.xcdatamodeld */; };
		5B5CFF4213D720100080184E /* RootViewController.m in Sources */ = {isa = PBXBuildFile; fileRef = 5B5CFF4113D720100080184E /* RootViewController.m */; };
		5B5CFF4413D720100080184E /* DetailViewController.h in Resources */ = {isa = PBXBuildFile; fileRef = 5B5CFF4313D720100080184E /* DetailViewController.h */; };
		5B5CFF4613D720100080184E /* DetailViewController.m in Sources */ = {isa = PBXBuildFile; fileRef = 5B5CFF4513D720100080184E /* DetailViewController.m */; };
		5B5CFF4913D720100080184E /* RootViewController_iPhone.xib in Resources */ = {isa = PBXBuildFile; fileRef = 5B5CFF4713D720100080184E /* RootViewController_iPhone.xib */; };
		5B5CFF4C13D720100080184E /* RootViewController_iPad.xib in Resources */ = {isa = PBXBuildFile; fileRef = 5B5CFF4A13D720100080184E /* RootViewController_iPad.xib */; };
		5B5CFF4F13D720100080184E /* DetailViewController_iPhone.xib in Resources */ = {isa = PBXBuildFile; fileRef = 5B5CFF4D13D720100080184E /* DetailViewController_iPhone.xib */; };
		5B5CFF5213D720100080184E /* DetailViewController_iPad.xib in Resources */ = {isa = PBXBuildFile; fileRef = 5B5CFF5013D720100080184E /* DetailViewController_iPad.xib */; };
		5B5CFF5A13D720110080184E /* SenTestingKit.framework in Frameworks */ = {isa = PBXBuildFile; fileRef = 5B5CFF5913D720110080184E /* SenTestingKit.framework */; };
		5B5CFF5B13D720110080184E /* UIKit.framework in Frameworks */ = {isa = PBXBuildFile; fileRef = 5B5CFF2913D720100080184E /* UIKit.framework */; };
		5B5CFF5C13D720110080184E /* Foundation.framework in Frameworks */ = {isa = PBXBuildFile; fileRef = 5B5CFF2B13D720100080184E /* Foundation.framework */; };
		5B5CFF5D13D720110080184E /* CoreGraphics.framework in Frameworks */ = {isa = PBXBuildFile; fileRef = 5B5CFF2D13D720100080184E /* CoreGraphics.framework */; };
		5B5CFF5E13D720110080184E /* CoreData.framework in Frameworks */ = {isa = PBXBuildFile; fileRef = 5B5CFF2F13D720100080184E /* CoreData.framework */; };
		5B5CFF6613D720110080184E /* InfoPlist.strings in Resources */ = {isa = PBXBuildFile; fileRef = 5B5CFF6413D720110080184E /* InfoPlist.strings */; };
		5B5CFF6813D720110080184E /* PicnicTests.h in Resources */ = {isa = PBXBuildFile; fileRef = 5B5CFF6713D720110080184E /* PicnicTests.h */; };
		5B5CFF6A13D720110080184E /* PicnicTests.m in Sources */ = {isa = PBXBuildFile; fileRef = 5B5CFF6913D720110080184E /* PicnicTests.m */; };
		5B6A026413D9C3040057F10A /* Venue.m in Sources */ = {isa = PBXBuildFile; fileRef = 5B6A026313D9C3040057F10A /* Venue.m */; };
		5B6A02E313D9CF440057F10A /* CFNetwork.framework in Frameworks */ = {isa = PBXBuildFile; fileRef = 5B6A02E213D9CF440057F10A /* CFNetwork.framework */; };
		5B6A02E513D9CF4F0057F10A /* SystemConfiguration.framework in Frameworks */ = {isa = PBXBuildFile; fileRef = 5B6A02E413D9CF4F0057F10A /* SystemConfiguration.framework */; };
		5B6A02E713D9CF590057F10A /* MobileCoreServices.framework in Frameworks */ = {isa = PBXBuildFile; fileRef = 5B6A02E613D9CF590057F10A /* MobileCoreServices.framework */; };
		5B78C2D313E6ED5100EEB790 /* ConferenceSession.m in Sources */ = {isa = PBXBuildFile; fileRef = 5B78C2D213E6ED5100EEB790 /* ConferenceSession.m */; };
		5B78C2D613E6FEE200EEB790 /* SpeakerThumbnail.m in Sources */ = {isa = PBXBuildFile; fileRef = 5B78C2D513E6FEE200EEB790 /* SpeakerThumbnail.m */; };
		5B78C2D813E6FF1A00EEB790 /* SpeakerThumbnail.xib in Resources */ = {isa = PBXBuildFile; fileRef = 5B78C2D713E6FF1900EEB790 /* SpeakerThumbnail.xib */; };
		5B7F2CED1406A7CD00AD9939 /* libz.1.2.3.dylib in Frameworks */ = {isa = PBXBuildFile; fileRef = 5B7F2CEC1406A7CD00AD9939 /* libz.1.2.3.dylib */; };
		5B8175FE141638EB00C32CC6 /* clock.png in Resources */ = {isa = PBXBuildFile; fileRef = 5B8175FD141638EB00C32CC6 /* clock.png */; };
		5B8176011416396700C32CC6 /* star.png in Resources */ = {isa = PBXBuildFile; fileRef = 5B8176001416396700C32CC6 /* star.png */; };
		5B8F0CC113F298380016E114 /* WelcomeLandscape.png in Resources */ = {isa = PBXBuildFile; fileRef = 5B8F0CC013F298380016E114 /* WelcomeLandscape.png */; };
		5B94CBEC13D869FA00317CD8 /* SessionCell.m in Sources */ = {isa = PBXBuildFile; fileRef = 5B94CBEB13D869FA00317CD8 /* SessionCell.m */; };
		5B94CBEF13D86A4600317CD8 /* SessionCell.xib in Resources */ = {isa = PBXBuildFile; fileRef = 5B94CBEE13D86A4600317CD8 /* SessionCell.xib */; };
		5BA4873A13F03BCF009754DA /* app_icon_512.png in Resources */ = {isa = PBXBuildFile; fileRef = 5BA4873413F03BCF009754DA /* app_icon_512.png */; };
		5BA4873D13F03BCF009754DA /* Default-Landscape~ipad.png in Resources */ = {isa = PBXBuildFile; fileRef = 5BA4873713F03BCF009754DA /* Default-Landscape~ipad.png */; };
		5BA4873E13F03BCF009754DA /* Default-Portrait~ipad.png in Resources */ = {isa = PBXBuildFile; fileRef = 5BA4873813F03BCF009754DA /* Default-Portrait~ipad.png */; };
		5BA4874813F03E6E009754DA /* Default.png in Resources */ = {isa = PBXBuildFile; fileRef = 5BA4874713F03E6E009754DA /* Default.png */; };
		5BA4874E13F03F30009754DA /* Default@2x.png in Resources */ = {isa = PBXBuildFile; fileRef = 5BA4874D13F03F30009754DA /* Default@2x.png */; };
		5BB844C213D88E65001E4753 /* Picnic.sqlite in Resources */ = {isa = PBXBuildFile; fileRef = 5BB844C113D88E65001E4753 /* Picnic.sqlite */; };
		5BD4C3E113F044CC0030FCFA /* PicnicLogo.png in Resources */ = {isa = PBXBuildFile; fileRef = 5BD4C3E013F044CC0030FCFA /* PicnicLogo.png */; };
		5BD4C3E513F0483C0030FCFA /* SplashScreenController.m in Sources */ = {isa = PBXBuildFile; fileRef = 5BD4C3E313F0483C0030FCFA /* SplashScreenController.m */; };
		5BD4C3E613F0483C0030FCFA /* SplashScreen_iPad.xib in Resources */ = {isa = PBXBuildFile; fileRef = 5BD4C3E413F0483C0030FCFA /* SplashScreen_iPad.xib */; };
		5BDE89FA13E6E63A00A9D343 /* Member.m in Sources */ = {isa = PBXBuildFile; fileRef = 5BDE89F913E6E63A00A9D343 /* Member.m */; };
/* End PBXBuildFile section */

/* Begin PBXContainerItemProxy section */
		5B5CFF5F13D720110080184E /* PBXContainerItemProxy */ = {
			isa = PBXContainerItemProxy;
			containerPortal = 5B5CFF1C13D720100080184E /* Project object */;
			proxyType = 1;
			remoteGlobalIDString = 5B5CFF2413D720100080184E;
			remoteInfo = Picnic;
		};
/* End PBXContainerItemProxy section */

/* Begin PBXFileReference section */
		5B04F10D1407A4BE00910583 /* Settings.bundle */ = {isa = PBXFileReference; lastKnownFileType = "wrapper.plug-in"; path = Settings.bundle; sourceTree = "<group>"; };
		5B24F00E13F2F4F6006F4CBB /* app_icon_57.png */ = {isa = PBXFileReference; lastKnownFileType = image.png; path = app_icon_57.png; sourceTree = "<group>"; };
		5B24F01113F2F523006F4CBB /* app_icon_72.png */ = {isa = PBXFileReference; lastKnownFileType = image.png; path = app_icon_72.png; sourceTree = "<group>"; };
		5B24F01313F2F52B006F4CBB /* app_icon_114.png */ = {isa = PBXFileReference; lastKnownFileType = image.png; path = app_icon_114.png; sourceTree = "<group>"; };
		5B3716A413F2DC3000739EC4 /* WelcomePortrait.png */ = {isa = PBXFileReference; lastKnownFileType = image.png; name = WelcomePortrait.png; path = images/WelcomePortrait.png; sourceTree = "<group>"; };
		5B3949981407AF6A000C4BB3 /* Synchroniser.h */ = {isa = PBXFileReference; fileEncoding = 4; lastKnownFileType = sourcecode.c.h; path = Synchroniser.h; sourceTree = "<group>"; };
		5B3949991407AF6A000C4BB3 /* Synchroniser.m */ = {isa = PBXFileReference; fileEncoding = 4; lastKnownFileType = sourcecode.c.objc; path = Synchroniser.m; sourceTree = "<group>"; };
		5B3949F91407B668000C4BB3 /* ASIAuthenticationDialog.h */ = {isa = PBXFileReference; fileEncoding = 4; lastKnownFileType = sourcecode.c.h; path = ASIAuthenticationDialog.h; sourceTree = "<group>"; };
		5B3949FA1407B668000C4BB3 /* ASIAuthenticationDialog.m */ = {isa = PBXFileReference; fileEncoding = 4; lastKnownFileType = sourcecode.c.objc; path = ASIAuthenticationDialog.m; sourceTree = "<group>"; };
		5B3949FB1407B668000C4BB3 /* ASICacheDelegate.h */ = {isa = PBXFileReference; fileEncoding = 4; lastKnownFileType = sourcecode.c.h; path = ASICacheDelegate.h; sourceTree = "<group>"; };
		5B3949FC1407B668000C4BB3 /* ASIDataCompressor.h */ = {isa = PBXFileReference; fileEncoding = 4; lastKnownFileType = sourcecode.c.h; path = ASIDataCompressor.h; sourceTree = "<group>"; };
		5B3949FD1407B668000C4BB3 /* ASIDataCompressor.m */ = {isa = PBXFileReference; fileEncoding = 4; lastKnownFileType = sourcecode.c.objc; path = ASIDataCompressor.m; sourceTree = "<group>"; };
		5B3949FE1407B668000C4BB3 /* ASIDataDecompressor.h */ = {isa = PBXFileReference; fileEncoding = 4; lastKnownFileType = sourcecode.c.h; path = ASIDataDecompressor.h; sourceTree = "<group>"; };
		5B3949FF1407B668000C4BB3 /* ASIDataDecompressor.m */ = {isa = PBXFileReference; fileEncoding = 4; lastKnownFileType = sourcecode.c.objc; path = ASIDataDecompressor.m; sourceTree = "<group>"; };
		5B394A001407B668000C4BB3 /* ASIDownloadCache.h */ = {isa = PBXFileReference; fileEncoding = 4; lastKnownFileType = sourcecode.c.h; path = ASIDownloadCache.h; sourceTree = "<group>"; };
		5B394A011407B668000C4BB3 /* ASIDownloadCache.m */ = {isa = PBXFileReference; fileEncoding = 4; lastKnownFileType = sourcecode.c.objc; path = ASIDownloadCache.m; sourceTree = "<group>"; };
		5B394A021407B668000C4BB3 /* ASIFormDataRequest.h */ = {isa = PBXFileReference; fileEncoding = 4; lastKnownFileType = sourcecode.c.h; path = ASIFormDataRequest.h; sourceTree = "<group>"; };
		5B394A031407B668000C4BB3 /* ASIFormDataRequest.m */ = {isa = PBXFileReference; fileEncoding = 4; lastKnownFileType = sourcecode.c.objc; path = ASIFormDataRequest.m; sourceTree = "<group>"; };
		5B394A041407B668000C4BB3 /* ASIHTTPRequest.h */ = {isa = PBXFileReference; fileEncoding = 4; lastKnownFileType = sourcecode.c.h; path = ASIHTTPRequest.h; sourceTree = "<group>"; };
		5B394A051407B668000C4BB3 /* ASIHTTPRequest.m */ = {isa = PBXFileReference; fileEncoding = 4; lastKnownFileType = sourcecode.c.objc; path = ASIHTTPRequest.m; sourceTree = "<group>"; };
		5B394A061407B668000C4BB3 /* ASIHTTPRequestConfig.h */ = {isa = PBXFileReference; fileEncoding = 4; lastKnownFileType = sourcecode.c.h; path = ASIHTTPRequestConfig.h; sourceTree = "<group>"; };
		5B394A071407B668000C4BB3 /* ASIHTTPRequestDelegate.h */ = {isa = PBXFileReference; fileEncoding = 4; lastKnownFileType = sourcecode.c.h; path = ASIHTTPRequestDelegate.h; sourceTree = "<group>"; };
		5B394A081407B668000C4BB3 /* ASIInputStream.h */ = {isa = PBXFileReference; fileEncoding = 4; lastKnownFileType = sourcecode.c.h; path = ASIInputStream.h; sourceTree = "<group>"; };
		5B394A091407B668000C4BB3 /* ASIInputStream.m */ = {isa = PBXFileReference; fileEncoding = 4; lastKnownFileType = sourcecode.c.objc; path = ASIInputStream.m; sourceTree = "<group>"; };
		5B394A0A1407B668000C4BB3 /* ASINetworkQueue.h */ = {isa = PBXFileReference; fileEncoding = 4; lastKnownFileType = sourcecode.c.h; path = ASINetworkQueue.h; sourceTree = "<group>"; };
		5B394A0B1407B668000C4BB3 /* ASINetworkQueue.m */ = {isa = PBXFileReference; fileEncoding = 4; lastKnownFileType = sourcecode.c.objc; path = ASINetworkQueue.m; sourceTree = "<group>"; };
		5B394A0C1407B668000C4BB3 /* ASIProgressDelegate.h */ = {isa = PBXFileReference; fileEncoding = 4; lastKnownFileType = sourcecode.c.h; path = ASIProgressDelegate.h; sourceTree = "<group>"; };
		5B394A0D1407B668000C4BB3 /* Reachability.h */ = {isa = PBXFileReference; fileEncoding = 4; lastKnownFileType = sourcecode.c.h; path = Reachability.h; sourceTree = "<group>"; };
		5B394A0E1407B668000C4BB3 /* Reachability.m */ = {isa = PBXFileReference; fileEncoding = 4; lastKnownFileType = sourcecode.c.objc; path = Reachability.m; sourceTree = "<group>"; };
		5B394A101407B668000C4BB3 /* NSObject+SBJson.h */ = {isa = PBXFileReference; fileEncoding = 4; lastKnownFileType = sourcecode.c.h; path = "NSObject+SBJson.h"; sourceTree = "<group>"; };
		5B394A111407B668000C4BB3 /* NSObject+SBJson.m */ = {isa = PBXFileReference; fileEncoding = 4; lastKnownFileType = sourcecode.c.objc; path = "NSObject+SBJson.m"; sourceTree = "<group>"; };
		5B394A121407B668000C4BB3 /* SBJson.h */ = {isa = PBXFileReference; fileEncoding = 4; lastKnownFileType = sourcecode.c.h; path = SBJson.h; sourceTree = "<group>"; };
		5B394A131407B668000C4BB3 /* SBJsonParser.h */ = {isa = PBXFileReference; fileEncoding = 4; lastKnownFileType = sourcecode.c.h; path = SBJsonParser.h; sourceTree = "<group>"; };
		5B394A141407B668000C4BB3 /* SBJsonParser.m */ = {isa = PBXFileReference; fileEncoding = 4; lastKnownFileType = sourcecode.c.objc; path = SBJsonParser.m; sourceTree = "<group>"; };
		5B394A151407B668000C4BB3 /* SBJsonStreamParser.h */ = {isa = PBXFileReference; fileEncoding = 4; lastKnownFileType = sourcecode.c.h; path = SBJsonStreamParser.h; sourceTree = "<group>"; };
		5B394A161407B668000C4BB3 /* SBJsonStreamParser.m */ = {isa = PBXFileReference; fileEncoding = 4; lastKnownFileType = sourcecode.c.objc; path = SBJsonStreamParser.m; sourceTree = "<group>"; };
		5B394A171407B668000C4BB3 /* SBJsonStreamParserAccumulator.h */ = {isa = PBXFileReference; fileEncoding = 4; lastKnownFileType = sourcecode.c.h; path = SBJsonStreamParserAccumulator.h; sourceTree = "<group>"; };
		5B394A181407B668000C4BB3 /* SBJsonStreamParserAccumulator.m */ = {isa = PBXFileReference; fileEncoding = 4; lastKnownFileType = sourcecode.c.objc; path = SBJsonStreamParserAccumulator.m; sourceTree = "<group>"; };
		5B394A191407B668000C4BB3 /* SBJsonStreamParserState.h */ = {isa = PBXFileReference; fileEncoding = 4; lastKnownFileType = sourcecode.c.h; path = SBJsonStreamParserState.h; sourceTree = "<group>"; };
		5B394A1A1407B668000C4BB3 /* SBJsonStreamParserState.m */ = {isa = PBXFileReference; fileEncoding = 4; lastKnownFileType = sourcecode.c.objc; path = SBJsonStreamParserState.m; sourceTree = "<group>"; };
		5B394A1B1407B668000C4BB3 /* SBJsonStreamWriter.h */ = {isa = PBXFileReference; fileEncoding = 4; lastKnownFileType = sourcecode.c.h; path = SBJsonStreamWriter.h; sourceTree = "<group>"; };
		5B394A1C1407B668000C4BB3 /* SBJsonStreamWriter.m */ = {isa = PBXFileReference; fileEncoding = 4; lastKnownFileType = sourcecode.c.objc; path = SBJsonStreamWriter.m; sourceTree = "<group>"; };
		5B394A1D1407B668000C4BB3 /* SBJsonStreamWriterAccumulator.h */ = {isa = PBXFileReference; fileEncoding = 4; lastKnownFileType = sourcecode.c.h; path = SBJsonStreamWriterAccumulator.h; sourceTree = "<group>"; };
		5B394A1E1407B668000C4BB3 /* SBJsonStreamWriterAccumulator.m */ = {isa = PBXFileReference; fileEncoding = 4; lastKnownFileType = sourcecode.c.objc; path = SBJsonStreamWriterAccumulator.m; sourceTree = "<group>"; };
		5B394A1F1407B668000C4BB3 /* SBJsonStreamWriterState.h */ = {isa = PBXFileReference; fileEncoding = 4; lastKnownFileType = sourcecode.c.h; path = SBJsonStreamWriterState.h; sourceTree = "<group>"; };
		5B394A201407B668000C4BB3 /* SBJsonStreamWriterState.m */ = {isa = PBXFileReference; fileEncoding = 4; lastKnownFileType = sourcecode.c.objc; path = SBJsonStreamWriterState.m; sourceTree = "<group>"; };
		5B394A211407B668000C4BB3 /* SBJsonTokeniser.h */ = {isa = PBXFileReference; fileEncoding = 4; lastKnownFileType = sourcecode.c.h; path = SBJsonTokeniser.h; sourceTree = "<group>"; };
		5B394A221407B668000C4BB3 /* SBJsonTokeniser.m */ = {isa = PBXFileReference; fileEncoding = 4; lastKnownFileType = sourcecode.c.objc; path = SBJsonTokeniser.m; sourceTree = "<group>"; };
		5B394A231407B668000C4BB3 /* SBJsonUTF8Stream.h */ = {isa = PBXFileReference; fileEncoding = 4; lastKnownFileType = sourcecode.c.h; path = SBJsonUTF8Stream.h; sourceTree = "<group>"; };
		5B394A241407B668000C4BB3 /* SBJsonUTF8Stream.m */ = {isa = PBXFileReference; fileEncoding = 4; lastKnownFileType = sourcecode.c.objc; path = SBJsonUTF8Stream.m; sourceTree = "<group>"; };
		5B394A251407B668000C4BB3 /* SBJsonWriter.h */ = {isa = PBXFileReference; fileEncoding = 4; lastKnownFileType = sourcecode.c.h; path = SBJsonWriter.h; sourceTree = "<group>"; };
		5B394A261407B668000C4BB3 /* SBJsonWriter.m */ = {isa = PBXFileReference; fileEncoding = 4; lastKnownFileType = sourcecode.c.objc; path = SBJsonWriter.m; sourceTree = "<group>"; };
		5B589E0513F134D900DFD44D /* SplashScreen_iPhone.xib */ = {isa = PBXFileReference; fileEncoding = 4; lastKnownFileType = file.xib; name = SplashScreen_iPhone.xib; path = Picnic.xcodeproj/SplashScreen_iPhone.xib; sourceTree = SOURCE_ROOT; };
		5B589E0B13F157B100DFD44D /* Entitlements.entitlements */ = {isa = PBXFileReference; fileEncoding = 4; lastKnownFileType = text.xml; path = Entitlements.entitlements; sourceTree = "<group>"; };
		5B5CFF2513D720100080184E /* PICNIC Festival.app */ = {isa = PBXFileReference; explicitFileType = wrapper.application; includeInIndex = 0; path = "PICNIC Festival.app"; sourceTree = BUILT_PRODUCTS_DIR; };
		5B5CFF2913D720100080184E /* UIKit.framework */ = {isa = PBXFileReference; lastKnownFileType = wrapper.framework; name = UIKit.framework; path = System/Library/Frameworks/UIKit.framework; sourceTree = SDKROOT; };
		5B5CFF2B13D720100080184E /* Foundation.framework */ = {isa = PBXFileReference; lastKnownFileType = wrapper.framework; name = Foundation.framework; path = System/Library/Frameworks/Foundation.framework; sourceTree = SDKROOT; };
		5B5CFF2D13D720100080184E /* CoreGraphics.framework */ = {isa = PBXFileReference; lastKnownFileType = wrapper.framework; name = CoreGraphics.framework; path = System/Library/Frameworks/CoreGraphics.framework; sourceTree = SDKROOT; };
		5B5CFF2F13D720100080184E /* CoreData.framework */ = {isa = PBXFileReference; lastKnownFileType = wrapper.framework; name = CoreData.framework; path = System/Library/Frameworks/CoreData.framework; sourceTree = SDKROOT; };
		5B5CFF3313D720100080184E /* Picnic-Info.plist */ = {isa = PBXFileReference; lastKnownFileType = text.plist.xml; path = "Picnic-Info.plist"; sourceTree = "<group>"; };
		5B5CFF3513D720100080184E /* en */ = {isa = PBXFileReference; lastKnownFileType = text.plist.strings; name = en; path = en.lproj/InfoPlist.strings; sourceTree = "<group>"; };
		5B5CFF3713D720100080184E /* main.m */ = {isa = PBXFileReference; lastKnownFileType = sourcecode.c.objc; path = main.m; sourceTree = "<group>"; };
		5B5CFF3913D720100080184E /* Picnic-Prefix.pch */ = {isa = PBXFileReference; lastKnownFileType = sourcecode.c.h; path = "Picnic-Prefix.pch"; sourceTree = "<group>"; };
		5B5CFF3A13D720100080184E /* PicnicAppDelegate.h */ = {isa = PBXFileReference; lastKnownFileType = sourcecode.c.h; path = PicnicAppDelegate.h; sourceTree = "<group>"; };
		5B5CFF3B13D720100080184E /* PicnicAppDelegate.m */ = {isa = PBXFileReference; lastKnownFileType = sourcecode.c.objc; path = PicnicAppDelegate.m; sourceTree = "<group>"; };
		5B5CFF3E13D720100080184E /* Picnic.xcdatamodel */ = {isa = PBXFileReference; lastKnownFileType = wrapper.xcdatamodel; path = Picnic.xcdatamodel; sourceTree = "<group>"; };
		5B5CFF4013D720100080184E /* RootViewController.h */ = {isa = PBXFileReference; lastKnownFileType = sourcecode.c.h; path = RootViewController.h; sourceTree = "<group>"; };
		5B5CFF4113D720100080184E /* RootViewController.m */ = {isa = PBXFileReference; lastKnownFileType = sourcecode.c.objc; path = RootViewController.m; sourceTree = "<group>"; };
		5B5CFF4313D720100080184E /* DetailViewController.h */ = {isa = PBXFileReference; lastKnownFileType = sourcecode.c.h; path = DetailViewController.h; sourceTree = "<group>"; };
		5B5CFF4513D720100080184E /* DetailViewController.m */ = {isa = PBXFileReference; lastKnownFileType = sourcecode.c.objc; path = DetailViewController.m; sourceTree = "<group>"; };
		5B5CFF4813D720100080184E /* en */ = {isa = PBXFileReference; lastKnownFileType = file.xib; name = en; path = en.lproj/RootViewController_iPhone.xib; sourceTree = "<group>"; };
		5B5CFF4B13D720100080184E /* en */ = {isa = PBXFileReference; lastKnownFileType = file.xib; name = en; path = en.lproj/RootViewController_iPad.xib; sourceTree = "<group>"; };
		5B5CFF4E13D720100080184E /* en */ = {isa = PBXFileReference; lastKnownFileType = file.xib; name = en; path = en.lproj/DetailViewController_iPhone.xib; sourceTree = "<group>"; };
		5B5CFF5113D720100080184E /* en */ = {isa = PBXFileReference; lastKnownFileType = file.xib; name = en; path = en.lproj/DetailViewController_iPad.xib; sourceTree = "<group>"; };
		5B5CFF5813D720110080184E /* PicnicTests.octest */ = {isa = PBXFileReference; explicitFileType = wrapper.cfbundle; includeInIndex = 0; path = PicnicTests.octest; sourceTree = BUILT_PRODUCTS_DIR; };
		5B5CFF5913D720110080184E /* SenTestingKit.framework */ = {isa = PBXFileReference; lastKnownFileType = wrapper.framework; name = SenTestingKit.framework; path = Library/Frameworks/SenTestingKit.framework; sourceTree = DEVELOPER_DIR; };
		5B5CFF6313D720110080184E /* PicnicTests-Info.plist */ = {isa = PBXFileReference; lastKnownFileType = text.plist.xml; path = "PicnicTests-Info.plist"; sourceTree = "<group>"; };
		5B5CFF6513D720110080184E /* en */ = {isa = PBXFileReference; lastKnownFileType = text.plist.strings; name = en; path = en.lproj/InfoPlist.strings; sourceTree = "<group>"; };
		5B5CFF6713D720110080184E /* PicnicTests.h */ = {isa = PBXFileReference; lastKnownFileType = sourcecode.c.h; path = PicnicTests.h; sourceTree = "<group>"; };
		5B5CFF6913D720110080184E /* PicnicTests.m */ = {isa = PBXFileReference; lastKnownFileType = sourcecode.c.objc; path = PicnicTests.m; sourceTree = "<group>"; };
		5B6A026213D9C3040057F10A /* Venue.h */ = {isa = PBXFileReference; fileEncoding = 4; lastKnownFileType = sourcecode.c.h; path = Venue.h; sourceTree = "<group>"; };
		5B6A026313D9C3040057F10A /* Venue.m */ = {isa = PBXFileReference; fileEncoding = 4; lastKnownFileType = sourcecode.c.objc; path = Venue.m; sourceTree = "<group>"; };
		5B6A02E213D9CF440057F10A /* CFNetwork.framework */ = {isa = PBXFileReference; lastKnownFileType = wrapper.framework; name = CFNetwork.framework; path = System/Library/Frameworks/CFNetwork.framework; sourceTree = SDKROOT; };
		5B6A02E413D9CF4F0057F10A /* SystemConfiguration.framework */ = {isa = PBXFileReference; lastKnownFileType = wrapper.framework; name = SystemConfiguration.framework; path = System/Library/Frameworks/SystemConfiguration.framework; sourceTree = SDKROOT; };
		5B6A02E613D9CF590057F10A /* MobileCoreServices.framework */ = {isa = PBXFileReference; lastKnownFileType = wrapper.framework; name = MobileCoreServices.framework; path = System/Library/Frameworks/MobileCoreServices.framework; sourceTree = SDKROOT; };
		5B6A02E813D9CF650057F10A /* libz.1.2.5.dylib */ = {isa = PBXFileReference; lastKnownFileType = "compiled.mach-o.dylib"; name = libz.1.2.5.dylib; path = usr/lib/libz.1.2.5.dylib; sourceTree = SDKROOT; };
		5B78C2D113E6ED5100EEB790 /* ConferenceSession.h */ = {isa = PBXFileReference; fileEncoding = 4; lastKnownFileType = sourcecode.c.h; path = ConferenceSession.h; sourceTree = "<group>"; };
		5B78C2D213E6ED5100EEB790 /* ConferenceSession.m */ = {isa = PBXFileReference; fileEncoding = 4; lastKnownFileType = sourcecode.c.objc; path = ConferenceSession.m; sourceTree = "<group>"; };
		5B78C2D413E6FEE200EEB790 /* SpeakerThumbnail.h */ = {isa = PBXFileReference; fileEncoding = 4; lastKnownFileType = sourcecode.c.h; path = SpeakerThumbnail.h; sourceTree = "<group>"; };
		5B78C2D513E6FEE200EEB790 /* SpeakerThumbnail.m */ = {isa = PBXFileReference; fileEncoding = 4; lastKnownFileType = sourcecode.c.objc; path = SpeakerThumbnail.m; sourceTree = "<group>"; };
		5B78C2D713E6FF1900EEB790 /* SpeakerThumbnail.xib */ = {isa = PBXFileReference; fileEncoding = 4; lastKnownFileType = file.xib; path = SpeakerThumbnail.xib; sourceTree = "<group>"; };
		5B7F2CEC1406A7CD00AD9939 /* libz.1.2.3.dylib */ = {isa = PBXFileReference; lastKnownFileType = "compiled.mach-o.dylib"; name = libz.1.2.3.dylib; path = usr/lib/libz.1.2.3.dylib; sourceTree = SDKROOT; };
		5B8175FD141638EB00C32CC6 /* clock.png */ = {isa = PBXFileReference; lastKnownFileType = image.png; path = clock.png; sourceTree = "<group>"; };
		5B8176001416396700C32CC6 /* star.png */ = {isa = PBXFileReference; lastKnownFileType = image.png; path = star.png; sourceTree = "<group>"; };
		5B8F0CC013F298380016E114 /* WelcomeLandscape.png */ = {isa = PBXFileReference; lastKnownFileType = image.png; name = WelcomeLandscape.png; path = images/WelcomeLandscape.png; sourceTree = "<group>"; };
		5B94CBEA13D869FA00317CD8 /* SessionCell.h */ = {isa = PBXFileReference; fileEncoding = 4; lastKnownFileType = sourcecode.c.h; path = SessionCell.h; sourceTree = "<group>"; };
		5B94CBEB13D869FA00317CD8 /* SessionCell.m */ = {isa = PBXFileReference; fileEncoding = 4; lastKnownFileType = sourcecode.c.objc; path = SessionCell.m; sourceTree = "<group>"; };
		5B94CBEE13D86A4600317CD8 /* SessionCell.xib */ = {isa = PBXFileReference; fileEncoding = 4; lastKnownFileType = file.xib; path = SessionCell.xib; sourceTree = "<group>"; };
		5BA4873413F03BCF009754DA /* app_icon_512.png */ = {isa = PBXFileReference; lastKnownFileType = image.png; name = app_icon_512.png; path = images/app_icon_512.png; sourceTree = "<group>"; };
		5BA4873713F03BCF009754DA /* Default-Landscape~ipad.png */ = {isa = PBXFileReference; lastKnownFileType = image.png; name = "Default-Landscape~ipad.png"; path = "images/Default-Landscape~ipad.png"; sourceTree = "<group>"; };
		5BA4873813F03BCF009754DA /* Default-Portrait~ipad.png */ = {isa = PBXFileReference; lastKnownFileType = image.png; name = "Default-Portrait~ipad.png"; path = "images/Default-Portrait~ipad.png"; sourceTree = "<group>"; };
		5BA4874713F03E6E009754DA /* Default.png */ = {isa = PBXFileReference; lastKnownFileType = image.png; name = Default.png; path = images/Default.png; sourceTree = "<group>"; };
		5BA4874D13F03F30009754DA /* Default@2x.png */ = {isa = PBXFileReference; lastKnownFileType = image.png; name = "Default@2x.png"; path = "images/Default@2x.png"; sourceTree = "<group>"; };
		5BB844C113D88E65001E4753 /* Picnic.sqlite */ = {isa = PBXFileReference; lastKnownFileType = file; path = Picnic.sqlite; sourceTree = "<group>"; };
		5BBEDCEE1415041200AAE33B /* Picnic1.2.xcdatamodel */ = {isa = PBXFileReference; lastKnownFileType = wrapper.xcdatamodel; path = Picnic1.2.xcdatamodel; sourceTree = "<group>"; };
		5BD0896913D9D4B5004DAD7A /* libxml2.2.dylib */ = {isa = PBXFileReference; lastKnownFileType = "compiled.mach-o.dylib"; name = libxml2.2.dylib; path = usr/lib/libxml2.2.dylib; sourceTree = SDKROOT; };
		5BD4C3E013F044CC0030FCFA /* PicnicLogo.png */ = {isa = PBXFileReference; lastKnownFileType = image.png; name = PicnicLogo.png; path = images/PicnicLogo.png; sourceTree = "<group>"; };
		5BD4C3E213F0483B0030FCFA /* SplashScreenController.h */ = {isa = PBXFileReference; fileEncoding = 4; lastKnownFileType = sourcecode.c.h; path = SplashScreenController.h; sourceTree = "<group>"; };
		5BD4C3E313F0483C0030FCFA /* SplashScreenController.m */ = {isa = PBXFileReference; fileEncoding = 4; lastKnownFileType = sourcecode.c.objc; path = SplashScreenController.m; sourceTree = "<group>"; };
		5BD4C3E413F0483C0030FCFA /* SplashScreen_iPad.xib */ = {isa = PBXFileReference; fileEncoding = 4; lastKnownFileType = file.xib; path = SplashScreen_iPad.xib; sourceTree = "<group>"; };
		5BDE89F813E6E63A00A9D343 /* Member.h */ = {isa = PBXFileReference; fileEncoding = 4; lastKnownFileType = sourcecode.c.h; path = Member.h; sourceTree = "<group>"; };
		5BDE89F913E6E63A00A9D343 /* Member.m */ = {isa = PBXFileReference; fileEncoding = 4; lastKnownFileType = sourcecode.c.objc; path = Member.m; sourceTree = "<group>"; };
/* End PBXFileReference section */

/* Begin PBXFrameworksBuildPhase section */
		5B5CFF2213D720100080184E /* Frameworks */ = {
			isa = PBXFrameworksBuildPhase;
			buildActionMask = 2147483647;
			files = (
				5B7F2CED1406A7CD00AD9939 /* libz.1.2.3.dylib in Frameworks */,
				5B6A02E713D9CF590057F10A /* MobileCoreServices.framework in Frameworks */,
				5B6A02E513D9CF4F0057F10A /* SystemConfiguration.framework in Frameworks */,
				5B6A02E313D9CF440057F10A /* CFNetwork.framework in Frameworks */,
				5B5CFF2A13D720100080184E /* UIKit.framework in Frameworks */,
				5B5CFF2C13D720100080184E /* Foundation.framework in Frameworks */,
				5B5CFF2E13D720100080184E /* CoreGraphics.framework in Frameworks */,
				5B5CFF3013D720100080184E /* CoreData.framework in Frameworks */,
			);
			runOnlyForDeploymentPostprocessing = 0;
		};
		5B5CFF5413D720110080184E /* Frameworks */ = {
			isa = PBXFrameworksBuildPhase;
			buildActionMask = 2147483647;
			files = (
				5B5CFF5A13D720110080184E /* SenTestingKit.framework in Frameworks */,
				5B5CFF5B13D720110080184E /* UIKit.framework in Frameworks */,
				5B5CFF5C13D720110080184E /* Foundation.framework in Frameworks */,
				5B5CFF5D13D720110080184E /* CoreGraphics.framework in Frameworks */,
				5B5CFF5E13D720110080184E /* CoreData.framework in Frameworks */,
			);
			runOnlyForDeploymentPostprocessing = 0;
		};
/* End PBXFrameworksBuildPhase section */

/* Begin PBXGroup section */
		5B3949F81407B668000C4BB3 /* ASIHTTPRequest */ = {
			isa = PBXGroup;
			children = (
				5B3949F91407B668000C4BB3 /* ASIAuthenticationDialog.h */,
				5B3949FA1407B668000C4BB3 /* ASIAuthenticationDialog.m */,
				5B3949FB1407B668000C4BB3 /* ASICacheDelegate.h */,
				5B3949FC1407B668000C4BB3 /* ASIDataCompressor.h */,
				5B3949FD1407B668000C4BB3 /* ASIDataCompressor.m */,
				5B3949FE1407B668000C4BB3 /* ASIDataDecompressor.h */,
				5B3949FF1407B668000C4BB3 /* ASIDataDecompressor.m */,
				5B394A001407B668000C4BB3 /* ASIDownloadCache.h */,
				5B394A011407B668000C4BB3 /* ASIDownloadCache.m */,
				5B394A021407B668000C4BB3 /* ASIFormDataRequest.h */,
				5B394A031407B668000C4BB3 /* ASIFormDataRequest.m */,
				5B394A041407B668000C4BB3 /* ASIHTTPRequest.h */,
				5B394A051407B668000C4BB3 /* ASIHTTPRequest.m */,
				5B394A061407B668000C4BB3 /* ASIHTTPRequestConfig.h */,
				5B394A071407B668000C4BB3 /* ASIHTTPRequestDelegate.h */,
				5B394A081407B668000C4BB3 /* ASIInputStream.h */,
				5B394A091407B668000C4BB3 /* ASIInputStream.m */,
				5B394A0A1407B668000C4BB3 /* ASINetworkQueue.h */,
				5B394A0B1407B668000C4BB3 /* ASINetworkQueue.m */,
				5B394A0C1407B668000C4BB3 /* ASIProgressDelegate.h */,
				5B394A0D1407B668000C4BB3 /* Reachability.h */,
				5B394A0E1407B668000C4BB3 /* Reachability.m */,
			);
			name = ASIHTTPRequest;
			path = Picnic/ASIHTTPRequest;
			sourceTree = "<group>";
		};
		5B394A0F1407B668000C4BB3 /* SBJSON */ = {
			isa = PBXGroup;
			children = (
				5B394A101407B668000C4BB3 /* NSObject+SBJson.h */,
				5B394A111407B668000C4BB3 /* NSObject+SBJson.m */,
				5B394A121407B668000C4BB3 /* SBJson.h */,
				5B394A131407B668000C4BB3 /* SBJsonParser.h */,
				5B394A141407B668000C4BB3 /* SBJsonParser.m */,
				5B394A151407B668000C4BB3 /* SBJsonStreamParser.h */,
				5B394A161407B668000C4BB3 /* SBJsonStreamParser.m */,
				5B394A171407B668000C4BB3 /* SBJsonStreamParserAccumulator.h */,
				5B394A181407B668000C4BB3 /* SBJsonStreamParserAccumulator.m */,
				5B394A191407B668000C4BB3 /* SBJsonStreamParserState.h */,
				5B394A1A1407B668000C4BB3 /* SBJsonStreamParserState.m */,
				5B394A1B1407B668000C4BB3 /* SBJsonStreamWriter.h */,
				5B394A1C1407B668000C4BB3 /* SBJsonStreamWriter.m */,
				5B394A1D1407B668000C4BB3 /* SBJsonStreamWriterAccumulator.h */,
				5B394A1E1407B668000C4BB3 /* SBJsonStreamWriterAccumulator.m */,
				5B394A1F1407B668000C4BB3 /* SBJsonStreamWriterState.h */,
				5B394A201407B668000C4BB3 /* SBJsonStreamWriterState.m */,
				5B394A211407B668000C4BB3 /* SBJsonTokeniser.h */,
				5B394A221407B668000C4BB3 /* SBJsonTokeniser.m */,
				5B394A231407B668000C4BB3 /* SBJsonUTF8Stream.h */,
				5B394A241407B668000C4BB3 /* SBJsonUTF8Stream.m */,
				5B394A251407B668000C4BB3 /* SBJsonWriter.h */,
				5B394A261407B668000C4BB3 /* SBJsonWriter.m */,
			);
			name = SBJSON;
			path = Picnic/SBJSON;
			sourceTree = "<group>";
		};
		5B5CFF1A13D720100080184E = {
			isa = PBXGroup;
			children = (
				5B6A025C13D9C2520057F10A /* Models */,
				5B6A025D13D9C2870057F10A /* Controllers */,
				5B5CFF7813D721D80080184E /* Views */,
				5B3949F81407B668000C4BB3 /* ASIHTTPRequest */,
				5B394A0F1407B668000C4BB3 /* SBJSON */,
				5B5CFF3113D720100080184E /* Data */,
				5B5CFF7713D721B50080184E /* Images */,
				5B5CFF3213D720100080184E /* Supporting Files */,
				5B5CFF6113D720110080184E /* PicnicTests */,
				5B5CFF2813D720100080184E /* Frameworks */,
				5B5CFF2613D720100080184E /* Products */,
			);
			sourceTree = "<group>";
		};
		5B5CFF2613D720100080184E /* Products */ = {
			isa = PBXGroup;
			children = (
				5B5CFF2513D720100080184E /* PICNIC Festival.app */,
				5B5CFF5813D720110080184E /* PicnicTests.octest */,
			);
			name = Products;
			sourceTree = "<group>";
		};
		5B5CFF2813D720100080184E /* Frameworks */ = {
			isa = PBXGroup;
			children = (
				5B7F2CEC1406A7CD00AD9939 /* libz.1.2.3.dylib */,
				5BD0896913D9D4B5004DAD7A /* libxml2.2.dylib */,
				5B6A02E813D9CF650057F10A /* libz.1.2.5.dylib */,
				5B6A02E613D9CF590057F10A /* MobileCoreServices.framework */,
				5B6A02E413D9CF4F0057F10A /* SystemConfiguration.framework */,
				5B6A02E213D9CF440057F10A /* CFNetwork.framework */,
				5B5CFF2913D720100080184E /* UIKit.framework */,
				5B5CFF2B13D720100080184E /* Foundation.framework */,
				5B5CFF2D13D720100080184E /* CoreGraphics.framework */,
				5B5CFF2F13D720100080184E /* CoreData.framework */,
				5B5CFF5913D720110080184E /* SenTestingKit.framework */,
			);
			name = Frameworks;
			sourceTree = "<group>";
		};
		5B5CFF3113D720100080184E /* Data */ = {
			isa = PBXGroup;
			children = (
				5BB844C113D88E65001E4753 /* Picnic.sqlite */,
				5B5CFF3D13D720100080184E /* Picnic.xcdatamodeld */,
			);
			name = Data;
			path = Picnic;
			sourceTree = "<group>";
		};
		5B5CFF3213D720100080184E /* Supporting Files */ = {
			isa = PBXGroup;
			children = (
				5B589E0B13F157B100DFD44D /* Entitlements.entitlements */,
				5B5CFF3313D720100080184E /* Picnic-Info.plist */,
				5B04F10D1407A4BE00910583 /* Settings.bundle */,
				5B5CFF3413D720100080184E /* InfoPlist.strings */,
				5B5CFF3713D720100080184E /* main.m */,
				5B5CFF3913D720100080184E /* Picnic-Prefix.pch */,
			);
			name = "Supporting Files";
			path = Picnic;
			sourceTree = "<group>";
		};
		5B5CFF6113D720110080184E /* PicnicTests */ = {
			isa = PBXGroup;
			children = (
				5B5CFF6713D720110080184E /* PicnicTests.h */,
				5B5CFF6913D720110080184E /* PicnicTests.m */,
				5B5CFF6213D720110080184E /* Supporting Files */,
			);
			path = PicnicTests;
			sourceTree = "<group>";
		};
		5B5CFF6213D720110080184E /* Supporting Files */ = {
			isa = PBXGroup;
			children = (
				5B5CFF6313D720110080184E /* PicnicTests-Info.plist */,
				5B5CFF6413D720110080184E /* InfoPlist.strings */,
			);
			name = "Supporting Files";
			sourceTree = "<group>";
		};
		5B5CFF7713D721B50080184E /* Images */ = {
			isa = PBXGroup;
			children = (
				5B8176001416396700C32CC6 /* star.png */,
				5B8175FD141638EB00C32CC6 /* clock.png */,
				5BA4874713F03E6E009754DA /* Default.png */,
				5BA4874D13F03F30009754DA /* Default@2x.png */,
				5B24F00E13F2F4F6006F4CBB /* app_icon_57.png */,
				5B24F01113F2F523006F4CBB /* app_icon_72.png */,
				5B24F01313F2F52B006F4CBB /* app_icon_114.png */,
				5BA4873413F03BCF009754DA /* app_icon_512.png */,
				5BA4873713F03BCF009754DA /* Default-Landscape~ipad.png */,
				5BA4873813F03BCF009754DA /* Default-Portrait~ipad.png */,
				5BD4C3E013F044CC0030FCFA /* PicnicLogo.png */,
				5B3716A413F2DC3000739EC4 /* WelcomePortrait.png */,
				5B8F0CC013F298380016E114 /* WelcomeLandscape.png */,
			);
			name = Images;
			sourceTree = "<group>";
		};
		5B5CFF7813D721D80080184E /* Views */ = {
			isa = PBXGroup;
			children = (
				5B5CFF4713D720100080184E /* RootViewController_iPhone.xib */,
				5B5CFF4A13D720100080184E /* RootViewController_iPad.xib */,
				5B5CFF4D13D720100080184E /* DetailViewController_iPhone.xib */,
				5B5CFF5013D720100080184E /* DetailViewController_iPad.xib */,
				5B78C2D713E6FF1900EEB790 /* SpeakerThumbnail.xib */,
				5BD4C3E413F0483C0030FCFA /* SplashScreen_iPad.xib */,
				5B589E0513F134D900DFD44D /* SplashScreen_iPhone.xib */,
				5B94CBEE13D86A4600317CD8 /* SessionCell.xib */,
			);
			name = Views;
			path = Picnic;
			sourceTree = "<group>";
		};
		5B6A025C13D9C2520057F10A /* Models */ = {
			isa = PBXGroup;
			children = (
				5B5CFF3A13D720100080184E /* PicnicAppDelegate.h */,
				5B5CFF3B13D720100080184E /* PicnicAppDelegate.m */,
				5B94CBEA13D869FA00317CD8 /* SessionCell.h */,
				5B94CBEB13D869FA00317CD8 /* SessionCell.m */,
				5B78C2D413E6FEE200EEB790 /* SpeakerThumbnail.h */,
				5B78C2D513E6FEE200EEB790 /* SpeakerThumbnail.m */,
				5B78C2D113E6ED5100EEB790 /* ConferenceSession.h */,
				5B78C2D213E6ED5100EEB790 /* ConferenceSession.m */,
				5BDE89F813E6E63A00A9D343 /* Member.h */,
				5BDE89F913E6E63A00A9D343 /* Member.m */,
				5B6A026213D9C3040057F10A /* Venue.h */,
				5B6A026313D9C3040057F10A /* Venue.m */,
				5B3949981407AF6A000C4BB3 /* Synchroniser.h */,
				5B3949991407AF6A000C4BB3 /* Synchroniser.m */,
			);
			name = Models;
			path = Picnic;
			sourceTree = "<group>";
		};
		5B6A025D13D9C2870057F10A /* Controllers */ = {
			isa = PBXGroup;
			children = (
				5B5CFF4013D720100080184E /* RootViewController.h */,
				5B5CFF4113D720100080184E /* RootViewController.m */,
				5B5CFF4313D720100080184E /* DetailViewController.h */,
				5B5CFF4513D720100080184E /* DetailViewController.m */,
				5BD4C3E213F0483B0030FCFA /* SplashScreenController.h */,
				5BD4C3E313F0483C0030FCFA /* SplashScreenController.m */,
			);
			name = Controllers;
			path = Picnic;
			sourceTree = "<group>";
		};
/* End PBXGroup section */

/* Begin PBXNativeTarget section */
		5B5CFF2413D720100080184E /* Picnic */ = {
			isa = PBXNativeTarget;
			buildConfigurationList = 5B5CFF6D13D720110080184E /* Build configuration list for PBXNativeTarget "Picnic" */;
			buildPhases = (
				5B5CFF2113D720100080184E /* Sources */,
				5B5CFF2213D720100080184E /* Frameworks */,
				5B5CFF2313D720100080184E /* Resources */,
			);
			buildRules = (
			);
			dependencies = (
			);
			name = Picnic;
			productName = Picnic;
			productReference = 5B5CFF2513D720100080184E /* PICNIC Festival.app */;
			productType = "com.apple.product-type.application";
		};
		5B5CFF5713D720110080184E /* PicnicTests */ = {
			isa = PBXNativeTarget;
			buildConfigurationList = 5B5CFF7013D720110080184E /* Build configuration list for PBXNativeTarget "PicnicTests" */;
			buildPhases = (
				5B5CFF5313D720110080184E /* Sources */,
				5B5CFF5413D720110080184E /* Frameworks */,
				5B5CFF5513D720110080184E /* Resources */,
				5B5CFF5613D720110080184E /* ShellScript */,
			);
			buildRules = (
			);
			dependencies = (
				5B5CFF6013D720110080184E /* PBXTargetDependency */,
			);
			name = PicnicTests;
			productName = PicnicTests;
			productReference = 5B5CFF5813D720110080184E /* PicnicTests.octest */;
			productType = "com.apple.product-type.bundle";
		};
/* End PBXNativeTarget section */

/* Begin PBXProject section */
		5B5CFF1C13D720100080184E /* Project object */ = {
			isa = PBXProject;
			attributes = {
				ORGANIZATIONNAME = Yoomee;
			};
			buildConfigurationList = 5B5CFF1F13D720100080184E /* Build configuration list for PBXProject "Picnic" */;
			compatibilityVersion = "Xcode 3.2";
			developmentRegion = English;
			hasScannedForEncodings = 0;
			knownRegions = (
				en,
			);
			mainGroup = 5B5CFF1A13D720100080184E;
			productRefGroup = 5B5CFF2613D720100080184E /* Products */;
			projectDirPath = "";
			projectRoot = "";
			targets = (
				5B5CFF2413D720100080184E /* Picnic */,
				5B5CFF5713D720110080184E /* PicnicTests */,
			);
		};
/* End PBXProject section */

/* Begin PBXResourcesBuildPhase section */
		5B5CFF2313D720100080184E /* Resources */ = {
			isa = PBXResourcesBuildPhase;
			buildActionMask = 2147483647;
			files = (
				5B5CFF3613D720100080184E /* InfoPlist.strings in Resources */,
				5B5CFF4413D720100080184E /* DetailViewController.h in Resources */,
				5B5CFF4913D720100080184E /* RootViewController_iPhone.xib in Resources */,
				5B5CFF4C13D720100080184E /* RootViewController_iPad.xib in Resources */,
				5B5CFF4F13D720100080184E /* DetailViewController_iPhone.xib in Resources */,
				5B5CFF5213D720100080184E /* DetailViewController_iPad.xib in Resources */,
				5B94CBEF13D86A4600317CD8 /* SessionCell.xib in Resources */,
				5BB844C213D88E65001E4753 /* Picnic.sqlite in Resources */,
				5B78C2D813E6FF1A00EEB790 /* SpeakerThumbnail.xib in Resources */,
				5BA4873A13F03BCF009754DA /* app_icon_512.png in Resources */,
				5BA4873D13F03BCF009754DA /* Default-Landscape~ipad.png in Resources */,
				5BA4873E13F03BCF009754DA /* Default-Portrait~ipad.png in Resources */,
				5BA4874813F03E6E009754DA /* Default.png in Resources */,
				5BA4874E13F03F30009754DA /* Default@2x.png in Resources */,
				5BD4C3E113F044CC0030FCFA /* PicnicLogo.png in Resources */,
				5BD4C3E613F0483C0030FCFA /* SplashScreen_iPad.xib in Resources */,
				5B589E0613F134D900DFD44D /* SplashScreen_iPhone.xib in Resources */,
				5B589E0C13F157B100DFD44D /* Entitlements.entitlements in Resources */,
				5B8F0CC113F298380016E114 /* WelcomeLandscape.png in Resources */,
				5B3716A513F2DC3000739EC4 /* WelcomePortrait.png in Resources */,
				5B24F00F13F2F4F6006F4CBB /* app_icon_57.png in Resources */,
				5B24F01213F2F523006F4CBB /* app_icon_72.png in Resources */,
				5B24F01413F2F52B006F4CBB /* app_icon_114.png in Resources */,
				5B04F10E1407A4BE00910583 /* Settings.bundle in Resources */,
				5B8175FE141638EB00C32CC6 /* clock.png in Resources */,
				5B8176011416396700C32CC6 /* star.png in Resources */,
			);
			runOnlyForDeploymentPostprocessing = 0;
		};
		5B5CFF5513D720110080184E /* Resources */ = {
			isa = PBXResourcesBuildPhase;
			buildActionMask = 2147483647;
			files = (
				5B5CFF6613D720110080184E /* InfoPlist.strings in Resources */,
				5B5CFF6813D720110080184E /* PicnicTests.h in Resources */,
			);
			runOnlyForDeploymentPostprocessing = 0;
		};
/* End PBXResourcesBuildPhase section */

/* Begin PBXShellScriptBuildPhase section */
		5B5CFF5613D720110080184E /* ShellScript */ = {
			isa = PBXShellScriptBuildPhase;
			buildActionMask = 2147483647;
			files = (
			);
			inputPaths = (
			);
			outputPaths = (
			);
			runOnlyForDeploymentPostprocessing = 0;
			shellPath = /bin/sh;
			shellScript = "# Run the unit tests in this test bundle.\n\"${SYSTEM_DEVELOPER_DIR}/Tools/RunUnitTests\"\n";
		};
/* End PBXShellScriptBuildPhase section */

/* Begin PBXSourcesBuildPhase section */
		5B5CFF2113D720100080184E /* Sources */ = {
			isa = PBXSourcesBuildPhase;
			buildActionMask = 2147483647;
			files = (
				5B5CFF3813D720100080184E /* main.m in Sources */,
				5B5CFF3C13D720100080184E /* PicnicAppDelegate.m in Sources */,
				5B5CFF3F13D720100080184E /* Picnic.xcdatamodeld in Sources */,
				5B5CFF4213D720100080184E /* RootViewController.m in Sources */,
				5B5CFF4613D720100080184E /* DetailViewController.m in Sources */,
				5B94CBEC13D869FA00317CD8 /* SessionCell.m in Sources */,
				5B6A026413D9C3040057F10A /* Venue.m in Sources */,
				5BDE89FA13E6E63A00A9D343 /* Member.m in Sources */,
				5B78C2D313E6ED5100EEB790 /* ConferenceSession.m in Sources */,
				5B78C2D613E6FEE200EEB790 /* SpeakerThumbnail.m in Sources */,
				5BD4C3E513F0483C0030FCFA /* SplashScreenController.m in Sources */,
				5B39499A1407AF6A000C4BB3 /* Synchroniser.m in Sources */,
				5B394A271407B668000C4BB3 /* ASIAuthenticationDialog.m in Sources */,
				5B394A281407B668000C4BB3 /* ASIDataCompressor.m in Sources */,
				5B394A291407B668000C4BB3 /* ASIDataDecompressor.m in Sources */,
				5B394A2A1407B668000C4BB3 /* ASIDownloadCache.m in Sources */,
				5B394A2B1407B668000C4BB3 /* ASIFormDataRequest.m in Sources */,
				5B394A2C1407B668000C4BB3 /* ASIHTTPRequest.m in Sources */,
				5B394A2D1407B668000C4BB3 /* ASIInputStream.m in Sources */,
				5B394A2E1407B668000C4BB3 /* ASINetworkQueue.m in Sources */,
				5B394A2F1407B668000C4BB3 /* Reachability.m in Sources */,
				5B394A301407B668000C4BB3 /* NSObject+SBJson.m in Sources */,
				5B394A311407B668000C4BB3 /* SBJsonParser.m in Sources */,
				5B394A321407B668000C4BB3 /* SBJsonStreamParser.m in Sources */,
				5B394A331407B668000C4BB3 /* SBJsonStreamParserAccumulator.m in Sources */,
				5B394A341407B668000C4BB3 /* SBJsonStreamParserState.m in Sources */,
				5B394A351407B668000C4BB3 /* SBJsonStreamWriter.m in Sources */,
				5B394A361407B668000C4BB3 /* SBJsonStreamWriterAccumulator.m in Sources */,
				5B394A371407B668000C4BB3 /* SBJsonStreamWriterState.m in Sources */,
				5B394A381407B668000C4BB3 /* SBJsonTokeniser.m in Sources */,
				5B394A391407B668000C4BB3 /* SBJsonUTF8Stream.m in Sources */,
				5B394A3A1407B668000C4BB3 /* SBJsonWriter.m in Sources */,
			);
			runOnlyForDeploymentPostprocessing = 0;
		};
		5B5CFF5313D720110080184E /* Sources */ = {
			isa = PBXSourcesBuildPhase;
			buildActionMask = 2147483647;
			files = (
				5B5CFF6A13D720110080184E /* PicnicTests.m in Sources */,
			);
			runOnlyForDeploymentPostprocessing = 0;
		};
/* End PBXSourcesBuildPhase section */

/* Begin PBXTargetDependency section */
		5B5CFF6013D720110080184E /* PBXTargetDependency */ = {
			isa = PBXTargetDependency;
			target = 5B5CFF2413D720100080184E /* Picnic */;
			targetProxy = 5B5CFF5F13D720110080184E /* PBXContainerItemProxy */;
		};
/* End PBXTargetDependency section */

/* Begin PBXVariantGroup section */
		5B5CFF3413D720100080184E /* InfoPlist.strings */ = {
			isa = PBXVariantGroup;
			children = (
				5B5CFF3513D720100080184E /* en */,
			);
			name = InfoPlist.strings;
			sourceTree = "<group>";
		};
		5B5CFF4713D720100080184E /* RootViewController_iPhone.xib */ = {
			isa = PBXVariantGroup;
			children = (
				5B5CFF4813D720100080184E /* en */,
			);
			name = RootViewController_iPhone.xib;
			sourceTree = "<group>";
		};
		5B5CFF4A13D720100080184E /* RootViewController_iPad.xib */ = {
			isa = PBXVariantGroup;
			children = (
				5B5CFF4B13D720100080184E /* en */,
			);
			name = RootViewController_iPad.xib;
			sourceTree = "<group>";
		};
		5B5CFF4D13D720100080184E /* DetailViewController_iPhone.xib */ = {
			isa = PBXVariantGroup;
			children = (
				5B5CFF4E13D720100080184E /* en */,
			);
			name = DetailViewController_iPhone.xib;
			sourceTree = "<group>";
		};
		5B5CFF5013D720100080184E /* DetailViewController_iPad.xib */ = {
			isa = PBXVariantGroup;
			children = (
				5B5CFF5113D720100080184E /* en */,
			);
			name = DetailViewController_iPad.xib;
			sourceTree = "<group>";
		};
		5B5CFF6413D720110080184E /* InfoPlist.strings */ = {
			isa = PBXVariantGroup;
			children = (
				5B5CFF6513D720110080184E /* en */,
			);
			name = InfoPlist.strings;
			sourceTree = "<group>";
		};
/* End PBXVariantGroup section */

/* Begin XCBuildConfiguration section */
		5B3716A113F2D8D200739EC4 /* Distribution */ = {
			isa = XCBuildConfiguration;
			buildSettings = {
				ALWAYS_SEARCH_USER_PATHS = NO;
				ARCHS = "$(ARCHS_STANDARD_32_BIT)";
				CLANG_ENABLE_OBJC_ARC = YES;
				"CODE_SIGN_ENTITLEMENTS[sdk=*]" = Picnic/Entitlements.entitlements;
				"CODE_SIGN_IDENTITY[sdk=iphoneos*]" = "iPhone Distribution: Yoomee";
				COPY_PHASE_STRIP = YES;
				GCC_C_LANGUAGE_STANDARD = gnu99;
				GCC_VERSION = com.apple.compilers.llvm.clang.1_0;
				GCC_WARN_ABOUT_MISSING_PROTOTYPES = YES;
				GCC_WARN_ABOUT_RETURN_TYPE = YES;
				GCC_WARN_UNUSED_VARIABLE = YES;
				IPHONEOS_DEPLOYMENT_TARGET = 4.0;
				OTHER_CFLAGS = "-DNS_BLOCK_ASSERTIONS=1";
				"PROVISIONING_PROFILE[sdk=iphoneos*]" = "86B56BF0-4B0D-477D-9BBD-2893412D3578";
				SDKROOT = iphoneos;
				TARGETED_DEVICE_FAMILY = "1,2";
				VALIDATE_PRODUCT = YES;
			};
			name = Distribution;
		};
		5B3716A213F2D8D200739EC4 /* Distribution */ = {
			isa = XCBuildConfiguration;
			buildSettings = {
				ARCHS = "$(ARCHS_STANDARD_32_BIT)";
				CODE_SIGN_ENTITLEMENTS = Picnic/Entitlements.entitlements;
				"CODE_SIGN_IDENTITY[sdk=iphoneos*]" = "iPhone Distribution: Yoomee";
				GCC_GENERATE_DEBUGGING_SYMBOLS = NO;
				GCC_PRECOMPILE_PREFIX_HEADER = YES;
				GCC_PREFIX_HEADER = "Picnic/Picnic-Prefix.pch";
				INFOPLIST_FILE = "Picnic/Picnic-Info.plist";
				IPHONEOS_DEPLOYMENT_TARGET = 4.0;
				LIBRARY_SEARCH_PATHS = (
					"$(inherited)",
					"\"$(SRCROOT)\"",
					"/usr/include/libxml2/**",
				);
				PRODUCT_NAME = "PICNIC Festival";
				"PROVISIONING_PROFILE[sdk=iphoneos*]" = "86B56BF0-4B0D-477D-9BBD-2893412D3578";
				WRAPPER_EXTENSION = app;
			};
			name = Distribution;
		};
		5B3716A313F2D8D200739EC4 /* Distribution */ = {
			isa = XCBuildConfiguration;
			buildSettings = {
				BUNDLE_LOADER = "$(BUILT_PRODUCTS_DIR)/Picnic.app/Picnic";
				FRAMEWORK_SEARCH_PATHS = (
					"$(SDKROOT)/Developer/Library/Frameworks",
					"$(DEVELOPER_LIBRARY_DIR)/Frameworks",
				);
				GCC_PRECOMPILE_PREFIX_HEADER = YES;
				GCC_PREFIX_HEADER = "Picnic/Picnic-Prefix.pch";
				INFOPLIST_FILE = "PicnicTests/PicnicTests-Info.plist";
				PRODUCT_NAME = "$(TARGET_NAME)";
				TEST_HOST = "$(BUNDLE_LOADER)";
				WRAPPER_EXTENSION = octest;
			};
			name = Distribution;
		};
		5B589E0E13F1642300DFD44D /* Ad Hoc */ = {
			isa = XCBuildConfiguration;
			buildSettings = {
				ALWAYS_SEARCH_USER_PATHS = NO;
				ARCHS = "$(ARCHS_STANDARD_32_BIT)";
				CLANG_ENABLE_OBJC_ARC = YES;
				"CODE_SIGN_IDENTITY[sdk=iphoneos*]" = "iPhone Developer";
				COPY_PHASE_STRIP = YES;
				GCC_C_LANGUAGE_STANDARD = gnu99;
				GCC_VERSION = com.apple.compilers.llvm.clang.1_0;
				GCC_WARN_ABOUT_MISSING_PROTOTYPES = YES;
				GCC_WARN_ABOUT_RETURN_TYPE = YES;
				GCC_WARN_UNUSED_VARIABLE = YES;
				IPHONEOS_DEPLOYMENT_TARGET = 4.0;
				OTHER_CFLAGS = "-DNS_BLOCK_ASSERTIONS=1";
				SDKROOT = iphoneos;
				TARGETED_DEVICE_FAMILY = "1,2";
				VALIDATE_PRODUCT = YES;
			};
			name = "Ad Hoc";
		};
		5B589E0F13F1642300DFD44D /* Ad Hoc */ = {
			isa = XCBuildConfiguration;
			buildSettings = {
				"CODE_SIGN_IDENTITY[sdk=iphoneos*]" = "iPhone Distribution: Yoomee";
				GCC_GENERATE_DEBUGGING_SYMBOLS = YES;
				GCC_PRECOMPILE_PREFIX_HEADER = YES;
				GCC_PREFIX_HEADER = "Picnic/Picnic-Prefix.pch";
				INFOPLIST_FILE = "Picnic/Picnic-Info.plist";
				IPHONEOS_DEPLOYMENT_TARGET = 4.0;
				LIBRARY_SEARCH_PATHS = (
					"$(inherited)",
					"\"$(SRCROOT)\"",
					"/usr/include/libxml2/**",
				);
				PRODUCT_NAME = "PICNIC Festival";
				"PROVISIONING_PROFILE[sdk=iphoneos*]" = "09C7DA14-869B-45B4-95D3-21A9F02FE2F1";
				WRAPPER_EXTENSION = app;
			};
			name = "Ad Hoc";
		};
		5B589E1013F1642300DFD44D /* Ad Hoc */ = {
			isa = XCBuildConfiguration;
			buildSettings = {
				BUNDLE_LOADER = "$(BUILT_PRODUCTS_DIR)/Picnic.app/Picnic";
				FRAMEWORK_SEARCH_PATHS = (
					"$(SDKROOT)/Developer/Library/Frameworks",
					"$(DEVELOPER_LIBRARY_DIR)/Frameworks",
				);
				GCC_PRECOMPILE_PREFIX_HEADER = YES;
				GCC_PREFIX_HEADER = "Picnic/Picnic-Prefix.pch";
				INFOPLIST_FILE = "PicnicTests/PicnicTests-Info.plist";
				PRODUCT_NAME = "$(TARGET_NAME)";
				TEST_HOST = "$(BUNDLE_LOADER)";
				WRAPPER_EXTENSION = octest;
			};
			name = "Ad Hoc";
		};
		5B5CFF6B13D720110080184E /* Debug */ = {
			isa = XCBuildConfiguration;
			buildSettings = {
				ALWAYS_SEARCH_USER_PATHS = NO;
				ARCHS = "$(ARCHS_STANDARD_32_BIT)";
				CLANG_ENABLE_OBJC_ARC = YES;
				"CODE_SIGN_IDENTITY[sdk=iphoneos*]" = "iPhone Developer";
				COPY_PHASE_STRIP = NO;
				GCC_C_LANGUAGE_STANDARD = gnu99;
				GCC_DYNAMIC_NO_PIC = NO;
				GCC_OPTIMIZATION_LEVEL = 0;
				GCC_PREPROCESSOR_DEFINITIONS = (
					"DEBUG=1",
					"$(inherited)",
				);
				GCC_SYMBOLS_PRIVATE_EXTERN = NO;
				GCC_VERSION = com.apple.compilers.llvm.clang.1_0;
				GCC_WARN_ABOUT_MISSING_PROTOTYPES = YES;
				GCC_WARN_ABOUT_RETURN_TYPE = YES;
				GCC_WARN_UNUSED_VARIABLE = YES;
				IPHONEOS_DEPLOYMENT_TARGET = 4.0;
				SDKROOT = iphoneos;
				TARGETED_DEVICE_FAMILY = "1,2";
			};
			name = Debug;
		};
		5B5CFF6C13D720110080184E /* Release */ = {
			isa = XCBuildConfiguration;
			buildSettings = {
				ALWAYS_SEARCH_USER_PATHS = NO;
				ARCHS = "$(ARCHS_STANDARD_32_BIT)";
				CLANG_ENABLE_OBJC_ARC = YES;
				"CODE_SIGN_IDENTITY[sdk=iphoneos*]" = "iPhone Developer";
				COPY_PHASE_STRIP = YES;
				GCC_C_LANGUAGE_STANDARD = gnu99;
				GCC_VERSION = com.apple.compilers.llvm.clang.1_0;
				GCC_WARN_ABOUT_MISSING_PROTOTYPES = YES;
				GCC_WARN_ABOUT_RETURN_TYPE = YES;
				GCC_WARN_UNUSED_VARIABLE = YES;
				IPHONEOS_DEPLOYMENT_TARGET = 4.0;
				OTHER_CFLAGS = "-DNS_BLOCK_ASSERTIONS=1";
				SDKROOT = iphoneos;
				TARGETED_DEVICE_FAMILY = "1,2";
				VALIDATE_PRODUCT = YES;
			};
			name = Release;
		};
		5B5CFF6E13D720110080184E /* Debug */ = {
			isa = XCBuildConfiguration;
			buildSettings = {
				"CODE_SIGN_IDENTITY[sdk=iphoneos*]" = "iPhone Developer: Matt Atkins (86N66R4WRU)";
				GCC_GENERATE_DEBUGGING_SYMBOLS = YES;
				GCC_PRECOMPILE_PREFIX_HEADER = YES;
				GCC_PREFIX_HEADER = "Picnic/Picnic-Prefix.pch";
				INFOPLIST_FILE = "Picnic/Picnic-Info.plist";
				IPHONEOS_DEPLOYMENT_TARGET = 4.0;
				LIBRARY_SEARCH_PATHS = (
					"$(inherited)",
					"\"$(SRCROOT)\"",
					"/usr/include/libxml2/**",
				);
				PRODUCT_NAME = "PICNIC Festival";
				"PROVISIONING_PROFILE[sdk=iphoneos*]" = "65B4D326-135A-4DCD-B863-77CD0554414E";
				WRAPPER_EXTENSION = app;
			};
			name = Debug;
		};
		5B5CFF6F13D720110080184E /* Release */ = {
			isa = XCBuildConfiguration;
			buildSettings = {
				GCC_GENERATE_DEBUGGING_SYMBOLS = YES;
				GCC_PRECOMPILE_PREFIX_HEADER = YES;
				GCC_PREFIX_HEADER = "Picnic/Picnic-Prefix.pch";
				INFOPLIST_FILE = "Picnic/Picnic-Info.plist";
				IPHONEOS_DEPLOYMENT_TARGET = 4.0;
				LIBRARY_SEARCH_PATHS = (
					"$(inherited)",
					"\"$(SRCROOT)\"",
					"/usr/include/libxml2/**",
				);
				PRODUCT_NAME = "PICNIC Festival";
				WRAPPER_EXTENSION = app;
			};
			name = Release;
		};
		5B5CFF7113D720110080184E /* Debug */ = {
			isa = XCBuildConfiguration;
			buildSettings = {
				BUNDLE_LOADER = "$(BUILT_PRODUCTS_DIR)/Picnic.app/Picnic";
				FRAMEWORK_SEARCH_PATHS = (
					"$(SDKROOT)/Developer/Library/Frameworks",
					"$(DEVELOPER_LIBRARY_DIR)/Frameworks",
				);
				GCC_PRECOMPILE_PREFIX_HEADER = YES;
				GCC_PREFIX_HEADER = "Picnic/Picnic-Prefix.pch";
				INFOPLIST_FILE = "PicnicTests/PicnicTests-Info.plist";
				PRODUCT_NAME = "$(TARGET_NAME)";
				TEST_HOST = "$(BUNDLE_LOADER)";
				WRAPPER_EXTENSION = octest;
			};
			name = Debug;
		};
		5B5CFF7213D720110080184E /* Release */ = {
			isa = XCBuildConfiguration;
			buildSettings = {
				BUNDLE_LOADER = "$(BUILT_PRODUCTS_DIR)/Picnic.app/Picnic";
				FRAMEWORK_SEARCH_PATHS = (
					"$(SDKROOT)/Developer/Library/Frameworks",
					"$(DEVELOPER_LIBRARY_DIR)/Frameworks",
				);
				GCC_PRECOMPILE_PREFIX_HEADER = YES;
				GCC_PREFIX_HEADER = "Picnic/Picnic-Prefix.pch";
				INFOPLIST_FILE = "PicnicTests/PicnicTests-Info.plist";
				PRODUCT_NAME = "$(TARGET_NAME)";
				TEST_HOST = "$(BUNDLE_LOADER)";
				WRAPPER_EXTENSION = octest;
			};
			name = Release;
		};
/* End XCBuildConfiguration section */

/* Begin XCConfigurationList section */
		5B5CFF1F13D720100080184E /* Build configuration list for PBXProject "Picnic" */ = {
			isa = XCConfigurationList;
			buildConfigurations = (
				5B5CFF6B13D720110080184E /* Debug */,
				5B5CFF6C13D720110080184E /* Release */,
				5B3716A113F2D8D200739EC4 /* Distribution */,
				5B589E0E13F1642300DFD44D /* Ad Hoc */,
			);
			defaultConfigurationIsVisible = 0;
			defaultConfigurationName = Release;
		};
		5B5CFF6D13D720110080184E /* Build configuration list for PBXNativeTarget "Picnic" */ = {
			isa = XCConfigurationList;
			buildConfigurations = (
				5B5CFF6E13D720110080184E /* Debug */,
				5B5CFF6F13D720110080184E /* Release */,
				5B3716A213F2D8D200739EC4 /* Distribution */,
				5B589E0F13F1642300DFD44D /* Ad Hoc */,
			);
			defaultConfigurationIsVisible = 0;
			defaultConfigurationName = Release;
		};
		5B5CFF7013D720110080184E /* Build configuration list for PBXNativeTarget "PicnicTests" */ = {
			isa = XCConfigurationList;
			buildConfigurations = (
				5B5CFF7113D720110080184E /* Debug */,
				5B5CFF7213D720110080184E /* Release */,
				5B3716A313F2D8D200739EC4 /* Distribution */,
				5B589E1013F1642300DFD44D /* Ad Hoc */,
			);
			defaultConfigurationIsVisible = 0;
			defaultConfigurationName = Release;
		};
/* End XCConfigurationList section */

/* Begin XCVersionGroup section */
		5B5CFF3D13D720100080184E /* Picnic.xcdatamodeld */ = {
			isa = XCVersionGroup;
			children = (
				5BBEDCEE1415041200AAE33B /* Picnic1.2.xcdatamodel */,
				5B5CFF3E13D720100080184E /* Picnic.xcdatamodel */,
			);
			currentVersion = 5BBEDCEE1415041200AAE33B /* Picnic1.2.xcdatamodel */;
			path = Picnic.xcdatamodeld;
			sourceTree = "<group>";
			versionGroupType = wrapper.xcdatamodel;
		};
/* End XCVersionGroup section */
	};
	rootObject = 5B5CFF1C13D720100080184E /* Project object */;
}
